
Microsoft Visual Studio Solution File, Format Version 12.00
# Visual Studio Version 16
VisualStudioVersion = 16.0.30907.101
MinimumVisualStudioVersion = 10.0.40219.1
Project("{FAE04EC0-301F-11D3-BF4B-00C04F79EFBC}") = "student2", "student2\student2.csproj", "{AC1EE365-7203-4D9A-9B9D-1D01C3F9F2EB}"
EndProject
Global
	GlobalSection(SolutionConfigurationPlatforms) = preSolution
		Debug|Any CPU = Debug|Any CPU
		Release|Any CPU = Release|Any CPU
	EndGlobalSection
	GlobalSection(ProjectConfigurationPlatforms) = postSolution
		{AC1EE365-7203-4D9A-9B9D-1D01C3F9F2EB}.Debug|Any CPU.ActiveCfg = Debug|Any CPU
		{AC1EE365-7203-4D9A-9B9D-1D01C3F9F2EB}.Debug|Any CPU.Build.0 = Debug|Any CPU
		{AC1EE365-7203-4D9A-9B9D-1D01C3F9F2EB}.Release|Any CPU.ActiveCfg = Release|Any CPU
		{AC1EE365-7203-4D9A-9B9D-1D01C3F9F2EB}.Release|Any CPU.Build.0 = Release|Any CPU
	EndGlobalSection
	GlobalSection(SolutionProperties) = preSolution
		HideSolutionNode = FALSE
	EndGlobalSection
	GlobalSection(ExtensibilityGlobals) = postSolution
		SolutionGuid = {AFB88E84-F446-45CB-9567-26CFD8F31F1A}
	EndGlobalSection
EndGlobal
