
Microsoft Visual Studio Solution File, Format Version 12.00
# Visual Studio Version 16
VisualStudioVersion = 16.0.30907.101
MinimumVisualStudioVersion = 10.0.40219.1
Project("{FAE04EC0-301F-11D3-BF4B-00C04F79EFBC}") = "account", "account\account.csproj", "{395165B3-E895-42AF-9BC4-98051A3D84CE}"
EndProject
Global
	GlobalSection(SolutionConfigurationPlatforms) = preSolution
		Debug|Any CPU = Debug|Any CPU
		Release|Any CPU = Release|Any CPU
	EndGlobalSection
	GlobalSection(ProjectConfigurationPlatforms) = postSolution
		{395165B3-E895-42AF-9BC4-98051A3D84CE}.Debug|Any CPU.ActiveCfg = Debug|Any CPU
		{395165B3-E895-42AF-9BC4-98051A3D84CE}.Debug|Any CPU.Build.0 = Debug|Any CPU
		{395165B3-E895-42AF-9BC4-98051A3D84CE}.Release|Any CPU.ActiveCfg = Release|Any CPU
		{395165B3-E895-42AF-9BC4-98051A3D84CE}.Release|Any CPU.Build.0 = Release|Any CPU
	EndGlobalSection
	GlobalSection(SolutionProperties) = preSolution
		HideSolutionNode = FALSE
	EndGlobalSection
	GlobalSection(ExtensibilityGlobals) = postSolution
		SolutionGuid = {5EB89CB1-865B-45E2-8A42-439EEAB09D08}
	EndGlobalSection
EndGlobal
