
Microsoft Visual Studio Solution File, Format Version 12.00
# Visual Studio Version 16
VisualStudioVersion = 16.0.30907.101
MinimumVisualStudioVersion = 10.0.40219.1
Project("{FAE04EC0-301F-11D3-BF4B-00C04F79EFBC}") = "student", "student\student.csproj", "{B50CDA6B-785C-4097-9014-8941FECA1EF3}"
EndProject
Global
	GlobalSection(SolutionConfigurationPlatforms) = preSolution
		Debug|Any CPU = Debug|Any CPU
		Release|Any CPU = Release|Any CPU
	EndGlobalSection
	GlobalSection(ProjectConfigurationPlatforms) = postSolution
		{B50CDA6B-785C-4097-9014-8941FECA1EF3}.Debug|Any CPU.ActiveCfg = Debug|Any CPU
		{B50CDA6B-785C-4097-9014-8941FECA1EF3}.Debug|Any CPU.Build.0 = Debug|Any CPU
		{B50CDA6B-785C-4097-9014-8941FECA1EF3}.Release|Any CPU.ActiveCfg = Release|Any CPU
		{B50CDA6B-785C-4097-9014-8941FECA1EF3}.Release|Any CPU.Build.0 = Release|Any CPU
	EndGlobalSection
	GlobalSection(SolutionProperties) = preSolution
		HideSolutionNode = FALSE
	EndGlobalSection
	GlobalSection(ExtensibilityGlobals) = postSolution
		SolutionGuid = {C9863388-8627-417F-9BB7-58F0B4613BE8}
	EndGlobalSection
EndGlobal
