
Microsoft Visual Studio Solution File, Format Version 12.00
# Visual Studio Version 16
VisualStudioVersion = 16.0.30907.101
MinimumVisualStudioVersion = 10.0.40219.1
Project("{FAE04EC0-301F-11D3-BF4B-00C04F79EFBC}") = "task2", "task2\task2.csproj", "{959EDEC8-A3B1-4CE7-85ED-C4BA634E2FAC}"
EndProject
Global
	GlobalSection(SolutionConfigurationPlatforms) = preSolution
		Debug|Any CPU = Debug|Any CPU
		Release|Any CPU = Release|Any CPU
	EndGlobalSection
	GlobalSection(ProjectConfigurationPlatforms) = postSolution
		{959EDEC8-A3B1-4CE7-85ED-C4BA634E2FAC}.Debug|Any CPU.ActiveCfg = Debug|Any CPU
		{959EDEC8-A3B1-4CE7-85ED-C4BA634E2FAC}.Debug|Any CPU.Build.0 = Debug|Any CPU
		{959EDEC8-A3B1-4CE7-85ED-C4BA634E2FAC}.Release|Any CPU.ActiveCfg = Release|Any CPU
		{959EDEC8-A3B1-4CE7-85ED-C4BA634E2FAC}.Release|Any CPU.Build.0 = Release|Any CPU
	EndGlobalSection
	GlobalSection(SolutionProperties) = preSolution
		HideSolutionNode = FALSE
	EndGlobalSection
	GlobalSection(ExtensibilityGlobals) = postSolution
		SolutionGuid = {48DC6389-EE4E-4A6D-A21D-A3FA1C1C04BA}
	EndGlobalSection
EndGlobal
